// !$*UTF8*$!
{
	archiveVersion = 1;
	classes = {
	};
	objectVersion = 56;
	objects = {

/* Begin PBXBuildFile section */
		C320501A293AE94700AD1CB9 /* recall_readyApp.swift in Sources */ = {isa = PBXBuildFile; fileRef = C3205019293AE94700AD1CB9 /* recall_readyApp.swift */; };
		C320501C293AE94700AD1CB9 /* ContentView.swift in Sources */ = {isa = PBXBuildFile; fileRef = C320501B293AE94700AD1CB9 /* ContentView.swift */; };
		C320501E293AE94800AD1CB9 /* Assets.xcassets in Resources */ = {isa = PBXBuildFile; fileRef = C320501D293AE94800AD1CB9 /* Assets.xcassets */; };
		C3205021293AE94800AD1CB9 /* Preview Assets.xcassets in Resources */ = {isa = PBXBuildFile; fileRef = C3205020293AE94800AD1CB9 /* Preview Assets.xcassets */; };
		C3205023293AE94800AD1CB9 /* Persistence.swift in Sources */ = {isa = PBXBuildFile; fileRef = C3205022293AE94800AD1CB9 /* Persistence.swift */; };
		C3205026293AE94800AD1CB9 /* recall_ready.xcdatamodeld in Sources */ = {isa = PBXBuildFile; fileRef = C3205024293AE94800AD1CB9 /* recall_ready.xcdatamodeld */; };
		C3205030293AE94800AD1CB9 /* recall_readyTests.swift in Sources */ = {isa = PBXBuildFile; fileRef = C320502F293AE94800AD1CB9 /* recall_readyTests.swift */; };
		C320503A293AE94800AD1CB9 /* recall_readyUITests.swift in Sources */ = {isa = PBXBuildFile; fileRef = C3205039293AE94800AD1CB9 /* recall_readyUITests.swift */; };
		C320503C293AE94800AD1CB9 /* recall_readyUITestsLaunchTests.swift in Sources */ = {isa = PBXBuildFile; fileRef = C320503B293AE94800AD1CB9 /* recall_readyUITestsLaunchTests.swift */; };
/* End PBXBuildFile section */

/* Begin PBXContainerItemProxy section */
		C320502C293AE94800AD1CB9 /* PBXContainerItemProxy */ = {
			isa = PBXContainerItemProxy;
			containerPortal = C320500E293AE94700AD1CB9 /* Project object */;
			proxyType = 1;
			remoteGlobalIDString = C3205015293AE94700AD1CB9;
			remoteInfo = "recall-ready";
		};
		C3205036293AE94800AD1CB9 /* PBXContainerItemProxy */ = {
			isa = PBXContainerItemProxy;
			containerPortal = C320500E293AE94700AD1CB9 /* Project object */;
			proxyType = 1;
			remoteGlobalIDString = C3205015293AE94700AD1CB9;
			remoteInfo = "recall-ready";
		};
/* End PBXContainerItemProxy section */

/* Begin PBXFileReference section */
		C3205016293AE94700AD1CB9 /* recall-ready.app */ = {isa = PBXFileReference; explicitFileType = wrapper.application; includeInIndex = 0; path = "recall-ready.app"; sourceTree = BUILT_PRODUCTS_DIR; };
		C3205019293AE94700AD1CB9 /* recall_readyApp.swift */ = {isa = PBXFileReference; lastKnownFileType = sourcecode.swift; path = recall_readyApp.swift; sourceTree = "<group>"; };
		C320501B293AE94700AD1CB9 /* ContentView.swift */ = {isa = PBXFileReference; lastKnownFileType = sourcecode.swift; path = ContentView.swift; sourceTree = "<group>"; };
		C320501D293AE94800AD1CB9 /* Assets.xcassets */ = {isa = PBXFileReference; lastKnownFileType = folder.assetcatalog; path = Assets.xcassets; sourceTree = "<group>"; };
		C3205020293AE94800AD1CB9 /* Preview Assets.xcassets */ = {isa = PBXFileReference; lastKnownFileType = folder.assetcatalog; path = "Preview Assets.xcassets"; sourceTree = "<group>"; };
		C3205022293AE94800AD1CB9 /* Persistence.swift */ = {isa = PBXFileReference; lastKnownFileType = sourcecode.swift; path = Persistence.swift; sourceTree = "<group>"; };
		C3205025293AE94800AD1CB9 /* recall_ready.xcdatamodel */ = {isa = PBXFileReference; lastKnownFileType = wrapper.xcdatamodel; path = recall_ready.xcdatamodel; sourceTree = "<group>"; };
		C320502B293AE94800AD1CB9 /* recall-readyTests.xctest */ = {isa = PBXFileReference; explicitFileType = wrapper.cfbundle; includeInIndex = 0; path = "recall-readyTests.xctest"; sourceTree = BUILT_PRODUCTS_DIR; };
		C320502F293AE94800AD1CB9 /* recall_readyTests.swift */ = {isa = PBXFileReference; lastKnownFileType = sourcecode.swift; path = recall_readyTests.swift; sourceTree = "<group>"; };
		C3205035293AE94800AD1CB9 /* recall-readyUITests.xctest */ = {isa = PBXFileReference; explicitFileType = wrapper.cfbundle; includeInIndex = 0; path = "recall-readyUITests.xctest"; sourceTree = BUILT_PRODUCTS_DIR; };
		C3205039293AE94800AD1CB9 /* recall_readyUITests.swift */ = {isa = PBXFileReference; lastKnownFileType = sourcecode.swift; path = recall_readyUITests.swift; sourceTree = "<group>"; };
		C320503B293AE94800AD1CB9 /* recall_readyUITestsLaunchTests.swift */ = {isa = PBXFileReference; lastKnownFileType = sourcecode.swift; path = recall_readyUITestsLaunchTests.swift; sourceTree = "<group>"; };
/* End PBXFileReference section */

/* Begin PBXFrameworksBuildPhase section */
		C3205013293AE94700AD1CB9 /* Frameworks */ = {
			isa = PBXFrameworksBuildPhase;
			buildActionMask = 2147483647;
			files = (
			);
			runOnlyForDeploymentPostprocessing = 0;
		};
		C3205028293AE94800AD1CB9 /* Frameworks */ = {
			isa = PBXFrameworksBuildPhase;
			buildActionMask = 2147483647;
			files = (
			);
			runOnlyForDeploymentPostprocessing = 0;
		};
		C3205032293AE94800AD1CB9 /* Frameworks */ = {
			isa = PBXFrameworksBuildPhase;
			buildActionMask = 2147483647;
			files = (
			);
			runOnlyForDeploymentPostprocessing = 0;
		};
/* End PBXFrameworksBuildPhase section */

/* Begin PBXGroup section */
		C320500D293AE94700AD1CB9 = {
			isa = PBXGroup;
			children = (
				C3205018293AE94700AD1CB9 /* recall-ready */,
				C320502E293AE94800AD1CB9 /* recall-readyTests */,
				C3205038293AE94800AD1CB9 /* recall-readyUITests */,
				C3205017293AE94700AD1CB9 /* Products */,
			);
			sourceTree = "<group>";
		};
		C3205017293AE94700AD1CB9 /* Products */ = {
			isa = PBXGroup;
			children = (
				C3205016293AE94700AD1CB9 /* recall-ready.app */,
				C320502B293AE94800AD1CB9 /* recall-readyTests.xctest */,
				C3205035293AE94800AD1CB9 /* recall-readyUITests.xctest */,
			);
			name = Products;
			sourceTree = "<group>";
		};
		C3205018293AE94700AD1CB9 /* recall-ready */ = {
			isa = PBXGroup;
			children = (
				C3205019293AE94700AD1CB9 /* recall_readyApp.swift */,
				C320501B293AE94700AD1CB9 /* ContentView.swift */,
				C320501D293AE94800AD1CB9 /* Assets.xcassets */,
				C3205022293AE94800AD1CB9 /* Persistence.swift */,
				C3205024293AE94800AD1CB9 /* recall_ready.xcdatamodeld */,
				C320501F293AE94800AD1CB9 /* Preview Content */,
			);
			path = "recall-ready";
			sourceTree = "<group>";
		};
		C320501F293AE94800AD1CB9 /* Preview Content */ = {
			isa = PBXGroup;
			children = (
				C3205020293AE94800AD1CB9 /* Preview Assets.xcassets */,
			);
			path = "Preview Content";
			sourceTree = "<group>";
		};
		C320502E293AE94800AD1CB9 /* recall-readyTests */ = {
			isa = PBXGroup;
			children = (
				C320502F293AE94800AD1CB9 /* recall_readyTests.swift */,
			);
			path = "recall-readyTests";
			sourceTree = "<group>";
		};
		C3205038293AE94800AD1CB9 /* recall-readyUITests */ = {
			isa = PBXGroup;
			children = (
				C3205039293AE94800AD1CB9 /* recall_readyUITests.swift */,
				C320503B293AE94800AD1CB9 /* recall_readyUITestsLaunchTests.swift */,
			);
			path = "recall-readyUITests";
			sourceTree = "<group>";
		};
/* End PBXGroup section */

/* Begin PBXNativeTarget section */
		C3205015293AE94700AD1CB9 /* recall-ready */ = {
			isa = PBXNativeTarget;
			buildConfigurationList = C320503F293AE94800AD1CB9 /* Build configuration list for PBXNativeTarget "recall-ready" */;
			buildPhases = (
				C3205012293AE94700AD1CB9 /* Sources */,
				C3205013293AE94700AD1CB9 /* Frameworks */,
				C3205014293AE94700AD1CB9 /* Resources */,
			);
			buildRules = (
			);
			dependencies = (
			);
			name = "recall-ready";
			productName = "recall-ready";
			productReference = C3205016293AE94700AD1CB9 /* recall-ready.app */;
			productType = "com.apple.product-type.application";
		};
		C320502A293AE94800AD1CB9 /* recall-readyTests */ = {
			isa = PBXNativeTarget;
			buildConfigurationList = C3205042293AE94800AD1CB9 /* Build configuration list for PBXNativeTarget "recall-readyTests" */;
			buildPhases = (
				C3205027293AE94800AD1CB9 /* Sources */,
				C3205028293AE94800AD1CB9 /* Frameworks */,
				C3205029293AE94800AD1CB9 /* Resources */,
			);
			buildRules = (
			);
			dependencies = (
				C320502D293AE94800AD1CB9 /* PBXTargetDependency */,
			);
			name = "recall-readyTests";
			productName = "recall-readyTests";
			productReference = C320502B293AE94800AD1CB9 /* recall-readyTests.xctest */;
			productType = "com.apple.product-type.bundle.unit-test";
		};
		C3205034293AE94800AD1CB9 /* recall-readyUITests */ = {
			isa = PBXNativeTarget;
			buildConfigurationList = C3205045293AE94800AD1CB9 /* Build configuration list for PBXNativeTarget "recall-readyUITests" */;
			buildPhases = (
				C3205031293AE94800AD1CB9 /* Sources */,
				C3205032293AE94800AD1CB9 /* Frameworks */,
				C3205033293AE94800AD1CB9 /* Resources */,
			);
			buildRules = (
			);
			dependencies = (
				C3205037293AE94800AD1CB9 /* PBXTargetDependency */,
			);
			name = "recall-readyUITests";
			productName = "recall-readyUITests";
			productReference = C3205035293AE94800AD1CB9 /* recall-readyUITests.xctest */;
			productType = "com.apple.product-type.bundle.ui-testing";
		};
/* End PBXNativeTarget section */

/* Begin PBXProject section */
		C320500E293AE94700AD1CB9 /* Project object */ = {
			isa = PBXProject;
			attributes = {
				BuildIndependentTargetsInParallel = 1;
				LastSwiftUpdateCheck = 1410;
				LastUpgradeCheck = 1410;
				TargetAttributes = {
					C3205015293AE94700AD1CB9 = {
						CreatedOnToolsVersion = 14.1;
					};
					C320502A293AE94800AD1CB9 = {
						CreatedOnToolsVersion = 14.1;
						TestTargetID = C3205015293AE94700AD1CB9;
					};
					C3205034293AE94800AD1CB9 = {
						CreatedOnToolsVersion = 14.1;
						TestTargetID = C3205015293AE94700AD1CB9;
					};
				};
			};
			buildConfigurationList = C3205011293AE94700AD1CB9 /* Build configuration list for PBXProject "recall-ready" */;
			compatibilityVersion = "Xcode 14.0";
			developmentRegion = en;
			hasScannedForEncodings = 0;
			knownRegions = (
				en,
				Base,
			);
			mainGroup = C320500D293AE94700AD1CB9;
			productRefGroup = C3205017293AE94700AD1CB9 /* Products */;
			projectDirPath = "";
			projectRoot = "";
			targets = (
				C3205015293AE94700AD1CB9 /* recall-ready */,
				C320502A293AE94800AD1CB9 /* recall-readyTests */,
				C3205034293AE94800AD1CB9 /* recall-readyUITests */,
			);
		};
/* End PBXProject section */

/* Begin PBXResourcesBuildPhase section */
		C3205014293AE94700AD1CB9 /* Resources */ = {
			isa = PBXResourcesBuildPhase;
			buildActionMask = 2147483647;
			files = (
				C3205021293AE94800AD1CB9 /* Preview Assets.xcassets in Resources */,
				C320501E293AE94800AD1CB9 /* Assets.xcassets in Resources */,
			);
			runOnlyForDeploymentPostprocessing = 0;
		};
		C3205029293AE94800AD1CB9 /* Resources */ = {
			isa = PBXResourcesBuildPhase;
			buildActionMask = 2147483647;
			files = (
			);
			runOnlyForDeploymentPostprocessing = 0;
		};
		C3205033293AE94800AD1CB9 /* Resources */ = {
			isa = PBXResourcesBuildPhase;
			buildActionMask = 2147483647;
			files = (
			);
			runOnlyForDeploymentPostprocessing = 0;
		};
/* End PBXResourcesBuildPhase section */

/* Begin PBXSourcesBuildPhase section */
		C3205012293AE94700AD1CB9 /* Sources */ = {
			isa = PBXSourcesBuildPhase;
			buildActionMask = 2147483647;
			files = (
				C3205026293AE94800AD1CB9 /* recall_ready.xcdatamodeld in Sources */,
				C3205023293AE94800AD1CB9 /* Persistence.swift in Sources */,
				C320501C293AE94700AD1CB9 /* ContentView.swift in Sources */,
				C320501A293AE94700AD1CB9 /* recall_readyApp.swift in Sources */,
			);
			runOnlyForDeploymentPostprocessing = 0;
		};
		C3205027293AE94800AD1CB9 /* Sources */ = {
			isa = PBXSourcesBuildPhase;
			buildActionMask = 2147483647;
			files = (
				C3205030293AE94800AD1CB9 /* recall_readyTests.swift in Sources */,
			);
			runOnlyForDeploymentPostprocessing = 0;
		};
		C3205031293AE94800AD1CB9 /* Sources */ = {
			isa = PBXSourcesBuildPhase;
			buildActionMask = 2147483647;
			files = (
				C320503A293AE94800AD1CB9 /* recall_readyUITests.swift in Sources */,
				C320503C293AE94800AD1CB9 /* recall_readyUITestsLaunchTests.swift in Sources */,
			);
			runOnlyForDeploymentPostprocessing = 0;
		};
/* End PBXSourcesBuildPhase section */

/* Begin PBXTargetDependency section */
		C320502D293AE94800AD1CB9 /* PBXTargetDependency */ = {
			isa = PBXTargetDependency;
			target = C3205015293AE94700AD1CB9 /* recall-ready */;
			targetProxy = C320502C293AE94800AD1CB9 /* PBXContainerItemProxy */;
		};
		C3205037293AE94800AD1CB9 /* PBXTargetDependency */ = {
			isa = PBXTargetDependency;
			target = C3205015293AE94700AD1CB9 /* recall-ready */;
			targetProxy = C3205036293AE94800AD1CB9 /* PBXContainerItemProxy */;
		};
/* End PBXTargetDependency section */

/* Begin XCBuildConfiguration section */
		C320503D293AE94800AD1CB9 /* Debug */ = {
			isa = XCBuildConfiguration;
			buildSettings = {
				ALWAYS_SEARCH_USER_PATHS = NO;
				CLANG_ANALYZER_NONNULL = YES;
				CLANG_ANALYZER_NUMBER_OBJECT_CONVERSION = YES_AGGRESSIVE;
				CLANG_CXX_LANGUAGE_STANDARD = "gnu++20";
				CLANG_ENABLE_MODULES = YES;
				CLANG_ENABLE_OBJC_ARC = YES;
				CLANG_ENABLE_OBJC_WEAK = YES;
				CLANG_WARN_BLOCK_CAPTURE_AUTORELEASING = YES;
				CLANG_WARN_BOOL_CONVERSION = YES;
				CLANG_WARN_COMMA = YES;
				CLANG_WARN_CONSTANT_CONVERSION = YES;
				CLANG_WARN_DEPRECATED_OBJC_IMPLEMENTATIONS = YES;
				CLANG_WARN_DIRECT_OBJC_ISA_USAGE = YES_ERROR;
				CLANG_WARN_DOCUMENTATION_COMMENTS = YES;
				CLANG_WARN_EMPTY_BODY = YES;
				CLANG_WARN_ENUM_CONVERSION = YES;
				CLANG_WARN_INFINITE_RECURSION = YES;
				CLANG_WARN_INT_CONVERSION = YES;
				CLANG_WARN_NON_LITERAL_NULL_CONVERSION = YES;
				CLANG_WARN_OBJC_IMPLICIT_RETAIN_SELF = YES;
				CLANG_WARN_OBJC_LITERAL_CONVERSION = YES;
				CLANG_WARN_OBJC_ROOT_CLASS = YES_ERROR;
				CLANG_WARN_QUOTED_INCLUDE_IN_FRAMEWORK_HEADER = YES;
				CLANG_WARN_RANGE_LOOP_ANALYSIS = YES;
				CLANG_WARN_STRICT_PROTOTYPES = YES;
				CLANG_WARN_SUSPICIOUS_MOVE = YES;
				CLANG_WARN_UNGUARDED_AVAILABILITY = YES_AGGRESSIVE;
				CLANG_WARN_UNREACHABLE_CODE = YES;
				CLANG_WARN__DUPLICATE_METHOD_MATCH = YES;
				COPY_PHASE_STRIP = NO;
				DEBUG_INFORMATION_FORMAT = dwarf;
				ENABLE_STRICT_OBJC_MSGSEND = YES;
				ENABLE_TESTABILITY = YES;
				GCC_C_LANGUAGE_STANDARD = gnu11;
				GCC_DYNAMIC_NO_PIC = NO;
				GCC_NO_COMMON_BLOCKS = YES;
				GCC_OPTIMIZATION_LEVEL = 0;
				GCC_PREPROCESSOR_DEFINITIONS = (
					"DEBUG=1",
					"$(inherited)",
				);
				GCC_WARN_64_TO_32_BIT_CONVERSION = YES;
				GCC_WARN_ABOUT_RETURN_TYPE = YES_ERROR;
				GCC_WARN_UNDECLARED_SELECTOR = YES;
				GCC_WARN_UNINITIALIZED_AUTOS = YES_AGGRESSIVE;
				GCC_WARN_UNUSED_FUNCTION = YES;
				GCC_WARN_UNUSED_VARIABLE = YES;
				IPHONEOS_DEPLOYMENT_TARGET = 16.1;
				MTL_ENABLE_DEBUG_INFO = INCLUDE_SOURCE;
				MTL_FAST_MATH = YES;
				ONLY_ACTIVE_ARCH = YES;
				SDKROOT = iphoneos;
				SWIFT_ACTIVE_COMPILATION_CONDITIONS = DEBUG;
				SWIFT_OPTIMIZATION_LEVEL = "-Onone";
			};
			name = Debug;
		};
		C320503E293AE94800AD1CB9 /* Release */ = {
			isa = XCBuildConfiguration;
			buildSettings = {
				ALWAYS_SEARCH_USER_PATHS = NO;
				CLANG_ANALYZER_NONNULL = YES;
				CLANG_ANALYZER_NUMBER_OBJECT_CONVERSION = YES_AGGRESSIVE;
				CLANG_CXX_LANGUAGE_STANDARD = "gnu++20";
				CLANG_ENABLE_MODULES = YES;
				CLANG_ENABLE_OBJC_ARC = YES;
				CLANG_ENABLE_OBJC_WEAK = YES;
				CLANG_WARN_BLOCK_CAPTURE_AUTORELEASING = YES;
				CLANG_WARN_BOOL_CONVERSION = YES;
				CLANG_WARN_COMMA = YES;
				CLANG_WARN_CONSTANT_CONVERSION = YES;
				CLANG_WARN_DEPRECATED_OBJC_IMPLEMENTATIONS = YES;
				CLANG_WARN_DIRECT_OBJC_ISA_USAGE = YES_ERROR;
				CLANG_WARN_DOCUMENTATION_COMMENTS = YES;
				CLANG_WARN_EMPTY_BODY = YES;
				CLANG_WARN_ENUM_CONVERSION = YES;
				CLANG_WARN_INFINITE_RECURSION = YES;
				CLANG_WARN_INT_CONVERSION = YES;
				CLANG_WARN_NON_LITERAL_NULL_CONVERSION = YES;
				CLANG_WARN_OBJC_IMPLICIT_RETAIN_SELF = YES;
				CLANG_WARN_OBJC_LITERAL_CONVERSION = YES;
				CLANG_WARN_OBJC_ROOT_CLASS = YES_ERROR;
				CLANG_WARN_QUOTED_INCLUDE_IN_FRAMEWORK_HEADER = YES;
				CLANG_WARN_RANGE_LOOP_ANALYSIS = YES;
				CLANG_WARN_STRICT_PROTOTYPES = YES;
				CLANG_WARN_SUSPICIOUS_MOVE = YES;
				CLANG_WARN_UNGUARDED_AVAILABILITY = YES_AGGRESSIVE;
				CLANG_WARN_UNREACHABLE_CODE = YES;
				CLANG_WARN__DUPLICATE_METHOD_MATCH = YES;
				COPY_PHASE_STRIP = NO;
				DEBUG_INFORMATION_FORMAT = "dwarf-with-dsym";
				ENABLE_NS_ASSERTIONS = NO;
				ENABLE_STRICT_OBJC_MSGSEND = YES;
				GCC_C_LANGUAGE_STANDARD = gnu11;
				GCC_NO_COMMON_BLOCKS = YES;
				GCC_WARN_64_TO_32_BIT_CONVERSION = YES;
				GCC_WARN_ABOUT_RETURN_TYPE = YES_ERROR;
				GCC_WARN_UNDECLARED_SELECTOR = YES;
				GCC_WARN_UNINITIALIZED_AUTOS = YES_AGGRESSIVE;
				GCC_WARN_UNUSED_FUNCTION = YES;
				GCC_WARN_UNUSED_VARIABLE = YES;
				IPHONEOS_DEPLOYMENT_TARGET = 16.1;
				MTL_ENABLE_DEBUG_INFO = NO;
				MTL_FAST_MATH = YES;
				SDKROOT = iphoneos;
				SWIFT_COMPILATION_MODE = wholemodule;
				SWIFT_OPTIMIZATION_LEVEL = "-O";
				VALIDATE_PRODUCT = YES;
			};
			name = Release;
		};
		C3205040293AE94800AD1CB9 /* Debug */ = {
			isa = XCBuildConfiguration;
			buildSettings = {
				ASSETCATALOG_COMPILER_APPICON_NAME = AppIcon;
				ASSETCATALOG_COMPILER_GLOBAL_ACCENT_COLOR_NAME = AccentColor;
				CODE_SIGN_STYLE = Automatic;
				CURRENT_PROJECT_VERSION = 1;
				DEVELOPMENT_ASSET_PATHS = "\"recall-ready/Preview Content\"";
				DEVELOPMENT_TEAM = 78L72VV8M4;
				ENABLE_PREVIEWS = YES;
				GENERATE_INFOPLIST_FILE = YES;
				INFOPLIST_KEY_UIApplicationSceneManifest_Generation = YES;
				INFOPLIST_KEY_UIApplicationSupportsIndirectInputEvents = YES;
				INFOPLIST_KEY_UILaunchScreen_Generation = YES;
				INFOPLIST_KEY_UISupportedInterfaceOrientations_iPad = "UIInterfaceOrientationPortrait UIInterfaceOrientationPortraitUpsideDown UIInterfaceOrientationLandscapeLeft UIInterfaceOrientationLandscapeRight";
				INFOPLIST_KEY_UISupportedInterfaceOrientations_iPhone = "UIInterfaceOrientationPortrait UIInterfaceOrientationLandscapeLeft UIInterfaceOrientationLandscapeRight";
				LD_RUNPATH_SEARCH_PATHS = (
					"$(inherited)",
					"@executable_path/Frameworks",
				);
				MARKETING_VERSION = 1.0;
				PRODUCT_BUNDLE_IDENTIFIER = "com.ginetonalencar.recall-ready";
				PRODUCT_NAME = "$(TARGET_NAME)";
				SWIFT_EMIT_LOC_STRINGS = YES;
				SWIFT_VERSION = 5.0;
				TARGETED_DEVICE_FAMILY = "1,2";
			};
			name = Debug;
		};
		C3205041293AE94800AD1CB9 /* Release */ = {
			isa = XCBuildConfiguration;
			buildSettings = {
				ASSETCATALOG_COMPILER_APPICON_NAME = AppIcon;
				ASSETCATALOG_COMPILER_GLOBAL_ACCENT_COLOR_NAME = AccentColor;
				CODE_SIGN_STYLE = Automatic;
				CURRENT_PROJECT_VERSION = 1;
				DEVELOPMENT_ASSET_PATHS = "\"recall-ready/Preview Content\"";
				DEVELOPMENT_TEAM = 78L72VV8M4;
				ENABLE_PREVIEWS = YES;
				GENERATE_INFOPLIST_FILE = YES;
				INFOPLIST_KEY_UIApplicationSceneManifest_Generation = YES;
				INFOPLIST_KEY_UIApplicationSupportsIndirectInputEvents = YES;
				INFOPLIST_KEY_UILaunchScreen_Generation = YES;
				INFOPLIST_KEY_UISupportedInterfaceOrientations_iPad = "UIInterfaceOrientationPortrait UIInterfaceOrientationPortraitUpsideDown UIInterfaceOrientationLandscapeLeft UIInterfaceOrientationLandscapeRight";
				INFOPLIST_KEY_UISupportedInterfaceOrientations_iPhone = "UIInterfaceOrientationPortrait UIInterfaceOrientationLandscapeLeft UIInterfaceOrientationLandscapeRight";
				LD_RUNPATH_SEARCH_PATHS = (
					"$(inherited)",
					"@executable_path/Frameworks",
				);
				MARKETING_VERSION = 1.0;
				PRODUCT_BUNDLE_IDENTIFIER = "com.ginetonalencar.recall-ready";
				PRODUCT_NAME = "$(TARGET_NAME)";
				SWIFT_EMIT_LOC_STRINGS = YES;
				SWIFT_VERSION = 5.0;
				TARGETED_DEVICE_FAMILY = "1,2";
			};
			name = Release;
		};
		C3205043293AE94800AD1CB9 /* Debug */ = {
			isa = XCBuildConfiguration;
			buildSettings = {
				ALWAYS_EMBED_SWIFT_STANDARD_LIBRARIES = YES;
				BUNDLE_LOADER = "$(TEST_HOST)";
				CODE_SIGN_STYLE = Automatic;
				CURRENT_PROJECT_VERSION = 1;
				DEVELOPMENT_TEAM = 78L72VV8M4;
				GENERATE_INFOPLIST_FILE = YES;
				IPHONEOS_DEPLOYMENT_TARGET = 16.1;
				MARKETING_VERSION = 1.0;
				PRODUCT_BUNDLE_IDENTIFIER = "com.ginetonalencar.recall-readyTests";
				PRODUCT_NAME = "$(TARGET_NAME)";
				SWIFT_EMIT_LOC_STRINGS = NO;
				SWIFT_VERSION = 5.0;
				TARGETED_DEVICE_FAMILY = "1,2";
				TEST_HOST = "$(BUILT_PRODUCTS_DIR)/recall-ready.app/$(BUNDLE_EXECUTABLE_FOLDER_PATH)/recall-ready";
			};
			name = Debug;
		};
		C3205044293AE94800AD1CB9 /* Release */ = {
			isa = XCBuildConfiguration;
			buildSettings = {
				ALWAYS_EMBED_SWIFT_STANDARD_LIBRARIES = YES;
				BUNDLE_LOADER = "$(TEST_HOST)";
				CODE_SIGN_STYLE = Automatic;
				CURRENT_PROJECT_VERSION = 1;
				DEVELOPMENT_TEAM = 78L72VV8M4;
				GENERATE_INFOPLIST_FILE = YES;
				IPHONEOS_DEPLOYMENT_TARGET = 16.1;
				MARKETING_VERSION = 1.0;
				PRODUCT_BUNDLE_IDENTIFIER = "com.ginetonalencar.recall-readyTests";
				PRODUCT_NAME = "$(TARGET_NAME)";
				SWIFT_EMIT_LOC_STRINGS = NO;
				SWIFT_VERSION = 5.0;
				TARGETED_DEVICE_FAMILY = "1,2";
				TEST_HOST = "$(BUILT_PRODUCTS_DIR)/recall-ready.app/$(BUNDLE_EXECUTABLE_FOLDER_PATH)/recall-ready";
			};
			name = Release;
		};
		C3205046293AE94800AD1CB9 /* Debug */ = {
			isa = XCBuildConfiguration;
			buildSettings = {
				ALWAYS_EMBED_SWIFT_STANDARD_LIBRARIES = YES;
				CODE_SIGN_STYLE = Automatic;
				CURRENT_PROJECT_VERSION = 1;
				DEVELOPMENT_TEAM = 78L72VV8M4;
				GENERATE_INFOPLIST_FILE = YES;
				MARKETING_VERSION = 1.0;
				PRODUCT_BUNDLE_IDENTIFIER = "com.ginetonalencar.recall-readyUITests";
				PRODUCT_NAME = "$(TARGET_NAME)";
				SWIFT_EMIT_LOC_STRINGS = NO;
				SWIFT_VERSION = 5.0;
				TARGETED_DEVICE_FAMILY = "1,2";
				TEST_TARGET_NAME = "recall-ready";
			};
			name = Debug;
		};
		C3205047293AE94800AD1CB9 /* Release */ = {
			isa = XCBuildConfiguration;
			buildSettings = {
				ALWAYS_EMBED_SWIFT_STANDARD_LIBRARIES = YES;
				CODE_SIGN_STYLE = Automatic;
				CURRENT_PROJECT_VERSION = 1;
				DEVELOPMENT_TEAM = 78L72VV8M4;
				GENERATE_INFOPLIST_FILE = YES;
				MARKETING_VERSION = 1.0;
				PRODUCT_BUNDLE_IDENTIFIER = "com.ginetonalencar.recall-readyUITests";
				PRODUCT_NAME = "$(TARGET_NAME)";
				SWIFT_EMIT_LOC_STRINGS = NO;
				SWIFT_VERSION = 5.0;
				TARGETED_DEVICE_FAMILY = "1,2";
				TEST_TARGET_NAME = "recall-ready";
			};
			name = Release;
		};
/* End XCBuildConfiguration section */

/* Begin XCConfigurationList section */
		C3205011293AE94700AD1CB9 /* Build configuration list for PBXProject "recall-ready" */ = {
			isa = XCConfigurationList;
			buildConfigurations = (
				C320503D293AE94800AD1CB9 /* Debug */,
				C320503E293AE94800AD1CB9 /* Release */,
			);
			defaultConfigurationIsVisible = 0;
			defaultConfigurationName = Release;
		};
		C320503F293AE94800AD1CB9 /* Build configuration list for PBXNativeTarget "recall-ready" */ = {
			isa = XCConfigurationList;
			buildConfigurations = (
				C3205040293AE94800AD1CB9 /* Debug */,
				C3205041293AE94800AD1CB9 /* Release */,
			);
			defaultConfigurationIsVisible = 0;
			defaultConfigurationName = Release;
		};
		C3205042293AE94800AD1CB9 /* Build configuration list for PBXNativeTarget "recall-readyTests" */ = {
			isa = XCConfigurationList;
			buildConfigurations = (
				C3205043293AE94800AD1CB9 /* Debug */,
				C3205044293AE94800AD1CB9 /* Release */,
			);
			defaultConfigurationIsVisible = 0;
			defaultConfigurationName = Release;
		};
		C3205045293AE94800AD1CB9 /* Build configuration list for PBXNativeTarget "recall-readyUITests" */ = {
			isa = XCConfigurationList;
			buildConfigurations = (
				C3205046293AE94800AD1CB9 /* Debug */,
				C3205047293AE94800AD1CB9 /* Release */,
			);
			defaultConfigurationIsVisible = 0;
			defaultConfigurationName = Release;
		};
/* End XCConfigurationList section */

/* Begin XCVersionGroup section */
		C3205024293AE94800AD1CB9 /* recall_ready.xcdatamodeld */ = {
			isa = XCVersionGroup;
			children = (
				C3205025293AE94800AD1CB9 /* recall_ready.xcdatamodel */,
			);
			currentVersion = C3205025293AE94800AD1CB9 /* recall_ready.xcdatamodel */;
			path = recall_ready.xcdatamodeld;
			sourceTree = "<group>";
			versionGroupType = wrapper.xcdatamodel;
		};
/* End XCVersionGroup section */
	};
	rootObject = C320500E293AE94700AD1CB9 /* Project object */;
}
